
Microsoft Visual Studio Solution File, Format Version 12.00
# Visual Studio Version 16
VisualStudioVersion = 16.0.30804.86
MinimumVisualStudioVersion = 10.0.40219.1
Project("{9A19103F-16F7-4668-BE54-9A1E7A4F7556}") = "Implementations", "DataStructures\Implementations\Implementations.csproj", "{A2274FD4-0C12-432D-B2D8-C71AF486337E}"
EndProject
Project("{9A19103F-16F7-4668-BE54-9A1E7A4F7556}") = "Tests", "DataStructures\DataStructuresTest\Tests.csproj", "{D87BE769-ACC8-46C4-BBA7-7F0B0159D356}"
EndProject
Project("{9A19103F-16F7-4668-BE54-9A1E7A4F7556}") = "CodeChallengeTests", "CodeChallenges\CodeChallengeTests\CodeChallengeTests.csproj", "{72FF6C82-946F-498A-8AD7-C1E6ABA0EA9C}"
EndProject
Project("{9A19103F-16F7-4668-BE54-9A1E7A4F7556}") = "LinkedLists", "CodeChallenges\LinkedLists\LinkedLists.csproj", "{E74AD3A8-A30F-4B81-A504-5B0902435AA0}"
EndProject
Project("{2150E333-8FDC-42A3-9474-1A3956D46DE8}") = "DataStructures", "DataStructures", "{08F49070-8D0C-4696-8E3E-FDBAA6A41FAB}"
EndProject
Project("{2150E333-8FDC-42A3-9474-1A3956D46DE8}") = "CodeChallenges", "CodeChallenges", "{1BB78EB1-B9A8-4E82-BFCD-CADF0140E745}"
EndProject
Project("{2150E333-8FDC-42A3-9474-1A3956D46DE8}") = "Solution Items", "Solution Items", "{A824A45F-55E1-4906-ACDD-2C70BB05E636}"
	ProjectSection(SolutionItems) = preProject
		Blog.md = Blog.md
		README.md = README.md
	EndProjectSection
EndProject
Project("{9A19103F-16F7-4668-BE54-9A1E7A4F7556}") = "QueueWithStacks", "CodeChallenges\QueueWithStacks\QueueWithStacks.csproj", "{CDA4EC1A-EC7B-49AD-8812-DCED18559258}"
EndProject
Project("{9A19103F-16F7-4668-BE54-9A1E7A4F7556}") = "Trees", "DataStructures\Trees\Trees.csproj", "{58EC0E0F-3BF7-44F1-B306-489EDD77E8EC}"
EndProject
Project("{9A19103F-16F7-4668-BE54-9A1E7A4F7556}") = "Multi-Bracket-Validation", "CodeChallenges\Multi-Bracket-Validation\Multi-Bracket-Validation.csproj", "{ADE6BDBE-0571-4BAB-BABD-A8320B0E4551}"
EndProject
Project("{9A19103F-16F7-4668-BE54-9A1E7A4F7556}") = "FIFOAnimalShelter", "CodeChallenges\FIFOAnimalShelter\FIFOAnimalShelter.csproj", "{1CEE5D2D-6464-44DB-AC6E-A4F72C7BF322}"
EndProject
Project("{9A19103F-16F7-4668-BE54-9A1E7A4F7556}") = "FizzBuzzTree", "CodeChallenges\FizzBuzzTree\FizzBuzzTree.csproj", "{E97344E6-06D6-4F72-8DE2-2ED4A4623F02}"
EndProject
Project("{9A19103F-16F7-4668-BE54-9A1E7A4F7556}") = "TestBench", "CodeChallenges\TestBench\TestBench.csproj", "{6997185C-23AA-4FD0-8F60-E8939C1B4F1A}"
EndProject
Project("{9A19103F-16F7-4668-BE54-9A1E7A4F7556}") = "QuickSort", "QuickSort\QuickSort.csproj", "{8A34EE34-CA6B-426B-A978-50A5548352E7}"
EndProject
Project("{9A19103F-16F7-4668-BE54-9A1E7A4F7556}") = "TreeIntersection", "CodeChallenges\TreeIntersection\TreeIntersection.csproj", "{662AA9A4-DF63-4B12-942B-9F44D6EEE792}"
EndProject
Project("{9A19103F-16F7-4668-BE54-9A1E7A4F7556}") = "RepeatedWord", "RepeatedWord\RepeatedWord.csproj", "{9E6E3080-79AF-4D14-841D-6100C9B7474A}"
EndProject
Global
	GlobalSection(SolutionConfigurationPlatforms) = preSolution
		Debug|Any CPU = Debug|Any CPU
		Release|Any CPU = Release|Any CPU
	EndGlobalSection
	GlobalSection(ProjectConfigurationPlatforms) = postSolution
		{A2274FD4-0C12-432D-B2D8-C71AF486337E}.Debug|Any CPU.ActiveCfg = Debug|Any CPU
		{A2274FD4-0C12-432D-B2D8-C71AF486337E}.Debug|Any CPU.Build.0 = Debug|Any CPU
		{A2274FD4-0C12-432D-B2D8-C71AF486337E}.Release|Any CPU.ActiveCfg = Release|Any CPU
		{A2274FD4-0C12-432D-B2D8-C71AF486337E}.Release|Any CPU.Build.0 = Release|Any CPU
		{D87BE769-ACC8-46C4-BBA7-7F0B0159D356}.Debug|Any CPU.ActiveCfg = Debug|Any CPU
		{D87BE769-ACC8-46C4-BBA7-7F0B0159D356}.Debug|Any CPU.Build.0 = Debug|Any CPU
		{D87BE769-ACC8-46C4-BBA7-7F0B0159D356}.Release|Any CPU.ActiveCfg = Release|Any CPU
		{D87BE769-ACC8-46C4-BBA7-7F0B0159D356}.Release|Any CPU.Build.0 = Release|Any CPU
		{72FF6C82-946F-498A-8AD7-C1E6ABA0EA9C}.Debug|Any CPU.ActiveCfg = Debug|Any CPU
		{72FF6C82-946F-498A-8AD7-C1E6ABA0EA9C}.Debug|Any CPU.Build.0 = Debug|Any CPU
		{72FF6C82-946F-498A-8AD7-C1E6ABA0EA9C}.Release|Any CPU.ActiveCfg = Release|Any CPU
		{72FF6C82-946F-498A-8AD7-C1E6ABA0EA9C}.Release|Any CPU.Build.0 = Release|Any CPU
		{E74AD3A8-A30F-4B81-A504-5B0902435AA0}.Debug|Any CPU.ActiveCfg = Debug|Any CPU
		{E74AD3A8-A30F-4B81-A504-5B0902435AA0}.Debug|Any CPU.Build.0 = Debug|Any CPU
		{E74AD3A8-A30F-4B81-A504-5B0902435AA0}.Release|Any CPU.ActiveCfg = Release|Any CPU
		{E74AD3A8-A30F-4B81-A504-5B0902435AA0}.Release|Any CPU.Build.0 = Release|Any CPU
		{CDA4EC1A-EC7B-49AD-8812-DCED18559258}.Debug|Any CPU.ActiveCfg = Debug|Any CPU
		{CDA4EC1A-EC7B-49AD-8812-DCED18559258}.Debug|Any CPU.Build.0 = Debug|Any CPU
		{CDA4EC1A-EC7B-49AD-8812-DCED18559258}.Release|Any CPU.ActiveCfg = Release|Any CPU
		{CDA4EC1A-EC7B-49AD-8812-DCED18559258}.Release|Any CPU.Build.0 = Release|Any CPU
		{58EC0E0F-3BF7-44F1-B306-489EDD77E8EC}.Debug|Any CPU.ActiveCfg = Debug|Any CPU
		{58EC0E0F-3BF7-44F1-B306-489EDD77E8EC}.Debug|Any CPU.Build.0 = Debug|Any CPU
		{58EC0E0F-3BF7-44F1-B306-489EDD77E8EC}.Release|Any CPU.ActiveCfg = Release|Any CPU
		{58EC0E0F-3BF7-44F1-B306-489EDD77E8EC}.Release|Any CPU.Build.0 = Release|Any CPU
		{ADE6BDBE-0571-4BAB-BABD-A8320B0E4551}.Debug|Any CPU.ActiveCfg = Debug|Any CPU
		{ADE6BDBE-0571-4BAB-BABD-A8320B0E4551}.Debug|Any CPU.Build.0 = Debug|Any CPU
		{ADE6BDBE-0571-4BAB-BABD-A8320B0E4551}.Release|Any CPU.ActiveCfg = Release|Any CPU
		{ADE6BDBE-0571-4BAB-BABD-A8320B0E4551}.Release|Any CPU.Build.0 = Release|Any CPU
		{1CEE5D2D-6464-44DB-AC6E-A4F72C7BF322}.Debug|Any CPU.ActiveCfg = Debug|Any CPU
		{1CEE5D2D-6464-44DB-AC6E-A4F72C7BF322}.Debug|Any CPU.Build.0 = Debug|Any CPU
		{1CEE5D2D-6464-44DB-AC6E-A4F72C7BF322}.Release|Any CPU.ActiveCfg = Release|Any CPU
		{1CEE5D2D-6464-44DB-AC6E-A4F72C7BF322}.Release|Any CPU.Build.0 = Release|Any CPU
		{E97344E6-06D6-4F72-8DE2-2ED4A4623F02}.Debug|Any CPU.ActiveCfg = Debug|Any CPU
		{E97344E6-06D6-4F72-8DE2-2ED4A4623F02}.Debug|Any CPU.Build.0 = Debug|Any CPU
		{E97344E6-06D6-4F72-8DE2-2ED4A4623F02}.Release|Any CPU.ActiveCfg = Release|Any CPU
		{E97344E6-06D6-4F72-8DE2-2ED4A4623F02}.Release|Any CPU.Build.0 = Release|Any CPU
		{6997185C-23AA-4FD0-8F60-E8939C1B4F1A}.Debug|Any CPU.ActiveCfg = Debug|Any CPU
		{6997185C-23AA-4FD0-8F60-E8939C1B4F1A}.Debug|Any CPU.Build.0 = Debug|Any CPU
		{6997185C-23AA-4FD0-8F60-E8939C1B4F1A}.Release|Any CPU.ActiveCfg = Release|Any CPU
		{6997185C-23AA-4FD0-8F60-E8939C1B4F1A}.Release|Any CPU.Build.0 = Release|Any CPU
		{8A34EE34-CA6B-426B-A978-50A5548352E7}.Debug|Any CPU.ActiveCfg = Debug|Any CPU
		{8A34EE34-CA6B-426B-A978-50A5548352E7}.Debug|Any CPU.Build.0 = Debug|Any CPU
		{8A34EE34-CA6B-426B-A978-50A5548352E7}.Release|Any CPU.ActiveCfg = Release|Any CPU
		{8A34EE34-CA6B-426B-A978-50A5548352E7}.Release|Any CPU.Build.0 = Release|Any CPU
		{662AA9A4-DF63-4B12-942B-9F44D6EEE792}.Debug|Any CPU.ActiveCfg = Debug|Any CPU
		{662AA9A4-DF63-4B12-942B-9F44D6EEE792}.Debug|Any CPU.Build.0 = Debug|Any CPU
		{662AA9A4-DF63-4B12-942B-9F44D6EEE792}.Release|Any CPU.ActiveCfg = Release|Any CPU
		{662AA9A4-DF63-4B12-942B-9F44D6EEE792}.Release|Any CPU.Build.0 = Release|Any CPU
		{9E6E3080-79AF-4D14-841D-6100C9B7474A}.Debug|Any CPU.ActiveCfg = Debug|Any CPU
		{9E6E3080-79AF-4D14-841D-6100C9B7474A}.Debug|Any CPU.Build.0 = Debug|Any CPU
		{9E6E3080-79AF-4D14-841D-6100C9B7474A}.Release|Any CPU.ActiveCfg = Release|Any CPU
		{9E6E3080-79AF-4D14-841D-6100C9B7474A}.Release|Any CPU.Build.0 = Release|Any CPU
	EndGlobalSection
	GlobalSection(SolutionProperties) = preSolution
		HideSolutionNode = FALSE
	EndGlobalSection
	GlobalSection(NestedProjects) = preSolution
		{A2274FD4-0C12-432D-B2D8-C71AF486337E} = {08F49070-8D0C-4696-8E3E-FDBAA6A41FAB}
		{D87BE769-ACC8-46C4-BBA7-7F0B0159D356} = {08F49070-8D0C-4696-8E3E-FDBAA6A41FAB}
		{72FF6C82-946F-498A-8AD7-C1E6ABA0EA9C} = {1BB78EB1-B9A8-4E82-BFCD-CADF0140E745}
		{E74AD3A8-A30F-4B81-A504-5B0902435AA0} = {1BB78EB1-B9A8-4E82-BFCD-CADF0140E745}
		{CDA4EC1A-EC7B-49AD-8812-DCED18559258} = {1BB78EB1-B9A8-4E82-BFCD-CADF0140E745}
		{58EC0E0F-3BF7-44F1-B306-489EDD77E8EC} = {1BB78EB1-B9A8-4E82-BFCD-CADF0140E745}
		{ADE6BDBE-0571-4BAB-BABD-A8320B0E4551} = {1BB78EB1-B9A8-4E82-BFCD-CADF0140E745}
		{1CEE5D2D-6464-44DB-AC6E-A4F72C7BF322} = {1BB78EB1-B9A8-4E82-BFCD-CADF0140E745}
		{E97344E6-06D6-4F72-8DE2-2ED4A4623F02} = {1BB78EB1-B9A8-4E82-BFCD-CADF0140E745}
		{6997185C-23AA-4FD0-8F60-E8939C1B4F1A} = {1BB78EB1-B9A8-4E82-BFCD-CADF0140E745}
		{8A34EE34-CA6B-426B-A978-50A5548352E7} = {1BB78EB1-B9A8-4E82-BFCD-CADF0140E745}
		{9E6E3080-79AF-4D14-841D-6100C9B7474A} = {1BB78EB1-B9A8-4E82-BFCD-CADF0140E745}
	EndGlobalSection
	GlobalSection(ExtensibilityGlobals) = postSolution
		SolutionGuid = {8D8CBDA3-1372-4033-8C11-81DBE1CC27E8}
	EndGlobalSection
EndGlobal
